
Microsoft Visual Studio Solution File, Format Version 12.00
# Visual Studio 14
VisualStudioVersion = 14.0.24720.0
MinimumVisualStudioVersion = 10.0.40219.1
Project("{FAE04EC0-301F-11D3-BF4B-00C04F79EFBC}") = "VanDerWaerdenGame.DesktopApp", "VanDerWaerdenGame.DesktopApp\VanDerWaerdenGame.DesktopApp.csproj", "{E1DD3CF0-500B-4203-863A-F523867055A7}"
EndProject
Project("{FAE04EC0-301F-11D3-BF4B-00C04F79EFBC}") = "VanDerWaerdenGame.Model", "VanDerWaerdenGame.Model\VanDerWaerdenGame.Model.csproj", "{5F8CCC63-8F9E-4744-970D-61D378F92A54}"
EndProject
Project("{FAE04EC0-301F-11D3-BF4B-00C04F79EFBC}") = "VanDerWaerdenGame.Tests", "VanDerWaerdenGame.Tests\VanDerWaerdenGame.Tests.csproj", "{43332BFF-8793-434B-9F59-0E9F4866EA54}"
EndProject
Project("{FAE04EC0-301F-11D3-BF4B-00C04F79EFBC}") = "VanDerWaerdenGame.Players", "VanDerWaerdenGame.Players\VanDerWaerdenGame.Players.csproj", "{D8B06F8D-5DD6-459E-AB57-0DCE5C57702F}"
EndProject
Global
	GlobalSection(SolutionConfigurationPlatforms) = preSolution
		Debug|Any CPU = Debug|Any CPU
		Release|Any CPU = Release|Any CPU
	EndGlobalSection
	GlobalSection(ProjectConfigurationPlatforms) = postSolution
		{E1DD3CF0-500B-4203-863A-F523867055A7}.Debug|Any CPU.ActiveCfg = Debug|Any CPU
		{E1DD3CF0-500B-4203-863A-F523867055A7}.Debug|Any CPU.Build.0 = Debug|Any CPU
		{E1DD3CF0-500B-4203-863A-F523867055A7}.Release|Any CPU.ActiveCfg = Release|Any CPU
		{E1DD3CF0-500B-4203-863A-F523867055A7}.Release|Any CPU.Build.0 = Release|Any CPU
		{5F8CCC63-8F9E-4744-970D-61D378F92A54}.Debug|Any CPU.ActiveCfg = Debug|Any CPU
		{5F8CCC63-8F9E-4744-970D-61D378F92A54}.Debug|Any CPU.Build.0 = Debug|Any CPU
		{5F8CCC63-8F9E-4744-970D-61D378F92A54}.Release|Any CPU.ActiveCfg = Release|Any CPU
		{5F8CCC63-8F9E-4744-970D-61D378F92A54}.Release|Any CPU.Build.0 = Release|Any CPU
		{43332BFF-8793-434B-9F59-0E9F4866EA54}.Debug|Any CPU.ActiveCfg = Debug|Any CPU
		{43332BFF-8793-434B-9F59-0E9F4866EA54}.Debug|Any CPU.Build.0 = Debug|Any CPU
		{43332BFF-8793-434B-9F59-0E9F4866EA54}.Release|Any CPU.ActiveCfg = Release|Any CPU
		{43332BFF-8793-434B-9F59-0E9F4866EA54}.Release|Any CPU.Build.0 = Release|Any CPU
		{D8B06F8D-5DD6-459E-AB57-0DCE5C57702F}.Debug|Any CPU.ActiveCfg = Debug|Any CPU
		{D8B06F8D-5DD6-459E-AB57-0DCE5C57702F}.Debug|Any CPU.Build.0 = Debug|Any CPU
		{D8B06F8D-5DD6-459E-AB57-0DCE5C57702F}.Release|Any CPU.ActiveCfg = Release|Any CPU
		{D8B06F8D-5DD6-459E-AB57-0DCE5C57702F}.Release|Any CPU.Build.0 = Release|Any CPU
	EndGlobalSection
	GlobalSection(SolutionProperties) = preSolution
		HideSolutionNode = FALSE
	EndGlobalSection
EndGlobal
